
Microsoft Visual Studio Solution File, Format Version 12.00
# Visual Studio Version 17
VisualStudioVersion = 17.7.34031.279
MinimumVisualStudioVersion = 10.0.40219.1
Project("{FAE04EC0-301F-11D3-BF4B-00C04F79EFBC}") = "demo", "demo\demo.csproj", "{B8EA1349-EACD-472E-BA1F-F937D4A5363A}"
EndProject
Global
	GlobalSection(SolutionConfigurationPlatforms) = preSolution
		Debug|Any CPU = Debug|Any CPU
		Release|Any CPU = Release|Any CPU
	EndGlobalSection
	GlobalSection(ProjectConfigurationPlatforms) = postSolution
		{B8EA1349-EACD-472E-BA1F-F937D4A5363A}.Debug|Any CPU.ActiveCfg = Debug|Any CPU
		{B8EA1349-EACD-472E-BA1F-F937D4A5363A}.Debug|Any CPU.Build.0 = Debug|Any CPU
		{B8EA1349-EACD-472E-BA1F-F937D4A5363A}.Release|Any CPU.ActiveCfg = Release|Any CPU
		{B8EA1349-EACD-472E-BA1F-F937D4A5363A}.Release|Any CPU.Build.0 = Release|Any CPU
	EndGlobalSection
	GlobalSection(SolutionProperties) = preSolution
		HideSolutionNode = FALSE
	EndGlobalSection
	GlobalSection(ExtensibilityGlobals) = postSolution
		SolutionGuid = {CC2B5141-9D2E-49FE-B0F9-60111F401B14}
	EndGlobalSection
EndGlobal
